
Microsoft Visual Studio Solution File, Format Version 12.00
# Visual Studio Version 17
VisualStudioVersion = 17.10.35013.160
MinimumVisualStudioVersion = 10.0.40219.1
Project("{FAE04EC0-301F-11D3-BF4B-00C04F79EFBC}") = "BDD_Task", "BDD_Task.csproj", "{3AA31578-65B1-4583-A82F-6F2C81CB1E2F}"
EndProject
Global
	GlobalSection(SolutionConfigurationPlatforms) = preSolution
		Debug|Any CPU = Debug|Any CPU
		Release|Any CPU = Release|Any CPU
	EndGlobalSection
	GlobalSection(ProjectConfigurationPlatforms) = postSolution
		{3AA31578-65B1-4583-A82F-6F2C81CB1E2F}.Debug|Any CPU.ActiveCfg = Debug|Any CPU
		{3AA31578-65B1-4583-A82F-6F2C81CB1E2F}.Debug|Any CPU.Build.0 = Debug|Any CPU
		{3AA31578-65B1-4583-A82F-6F2C81CB1E2F}.Release|Any CPU.ActiveCfg = Release|Any CPU
		{3AA31578-65B1-4583-A82F-6F2C81CB1E2F}.Release|Any CPU.Build.0 = Release|Any CPU
	EndGlobalSection
	GlobalSection(SolutionProperties) = preSolution
		HideSolutionNode = FALSE
	EndGlobalSection
	GlobalSection(ExtensibilityGlobals) = postSolution
		SolutionGuid = {C70D3988-2356-420D-9E75-538753A2B524}
	EndGlobalSection
EndGlobal
